{
  "version": 4,
  "terraform_version": "1.6.4",
  "serial": 18,
  "lineage": "ed2386c0-241e-f95e-385e-1a5123ba9cb2",
  "outputs": {},
  "resources": [
    {
      "mode": "managed",
      "type": "git_add",
      "name": "single_file",
      "provider": "provider[\"registry.terraform.io/metio/git\"]",
      "instances": [
        {
          "schema_version": 0,
          "attributes": {
            "add_paths": [
              "."
            ],
            "directory": "/Users/y/Desktop/terraform_aws_multi_working/",
            "id": 1710334078441808000
          },
          "sensitive_attributes": []
        }
      ]
    },
    {
      "mode": "managed",
      "type": "git_commit",
      "name": "commit",
      "provider": "provider[\"registry.terraform.io/metio/git\"]",
      "instances": [
        {
          "schema_version": 0,
          "attributes": {
            "all": false,
            "allow_empty_commits": true,
            "author": {
              "email": "private.ytechnologies@gmail.com",
              "name": "thihathura"
            },
            "committer": {
              "email": "private.ytechnologies@gmail.com",
              "name": "thihathura"
            },
            "directory": "/Users/y/Desktop/terraform_aws_multi_working/",
            "files": [],
            "id": 1710334165358775000,
            "message": "commited",
            "sha1": "cfd705a814ccb6e26663e3a9781ba89e73666082"
          },
          "sensitive_attributes": []
        }
      ]
    },
    {
      "mode": "managed",
      "type": "git_push",
      "name": "push",
      "provider": "provider[\"registry.terraform.io/metio/git\"]",
      "instances": [
        {
          "schema_version": 0,
          "attributes": {
            "auth": {
              "basic": null,
              "bearer": null,
              "ssh_agent": null,
              "ssh_key": {
                "known_hosts": null,
                "password": "",
                "private_key_path": "/Users/y/.ssh/id_rsa",
                "private_key_pem": null,
                "username": "git"
              },
              "ssh_password": null
            },
            "directory": "/Users/y/Desktop/terraform_aws_multi_working/",
            "force": false,
            "id": 1710334275476701000,
            "prune": false,
            "refspecs": [
              "git@github.com:ytechnologies2019/terraform_aws_multi_working.git"
            ],
            "remote": "origin"
          },
          "sensitive_attributes": []
        }
      ]
    },
    {
      "mode": "managed",
      "type": "git_remote",
      "name": "remote",
      "provider": "provider[\"registry.terraform.io/metio/git\"]",
      "instances": [
        {
          "schema_version": 0,
          "attributes": {
            "directory": "/Users/y/Desktop/terraform_aws_multi_working/",
            "id": "/Users/y/Desktop/terraform_aws_multi_working/|some-remote",
            "name": "some-remote",
            "urls": [
              "git@github.com:ytechnologies2019/terraform_aws_multi_working.git"
            ]
          },
          "sensitive_attributes": []
        }
      ]
    }
  ],
  "check_results": null
}
